<?xml version="1.0" encoding="utf-8"?>
<Project ToolsVersion="4.0" xmlns="http://schemas.microsoft.com/developer/msbuild/2003">
  <ItemGroup>
    <Filter Include="Framework">
      <UniqueIdentifier>{85bc6c34-865b-41aa-ae4d-d1527fda0ee7}</UniqueIdentifier>
    </Filter>
    <Filter Include="AAsProject">
      <UniqueIdentifier>{9ca70490-ebe7-4f24-a4b4-17e1814b4214}</UniqueIdentifier>
    </Filter>
    <Filter Include="Shaders">
      <UniqueIdentifier>{aa656806-87b3-4048-b1d5-cf54fa2cb3d9}</UniqueIdentifier>
    </Filter>
    <Filter Include="Shaders\PPs">
      <UniqueIdentifier>{8d0cb3cb-1eb8-4f7a-80b0-743ee81ad9ff}</UniqueIdentifier>
    </Filter>
  </ItemGroup>
  <ItemGroup>
    <ClCompile Include="main.cpp">
      <Filter>AAsProject</Filter>
    </ClCompile>
    <ClCompile Include="Camera.cpp">
      <Filter>Framework</Filter>
    </ClCompile>
    <ClCompile Include="Component.cpp">
      <Filter>Framework</Filter>
    </ClCompile>
    <ClCompile Include="Core.cpp">
      <Filter>Framework</Filter>
    </ClCompile>
    <ClCompile Include="Transform.cpp">
      <Filter>Framework</Filter>
    </ClCompile>
    <ClCompile Include="Window.cpp">
      <Filter>Framework</Filter>
    </ClCompile>
    <ClCompile Include="Object.cpp">
      <Filter>Framework</Filter>
    </ClCompile>
    <ClCompile Include="Material.cpp">
      <Filter>Framework</Filter>
    </ClCompile>
    <ClCompile Include="Mesh.cpp">
      <Filter>Framework</Filter>
    </ClCompile>
    <ClCompile Include="MeshRenderer.cpp">
      <Filter>Framework</Filter>
    </ClCompile>
    <ClCompile Include="Model.cpp">
      <Filter>Framework</Filter>
    </ClCompile>
    <ClCompile Include="RenderingSystem.cpp">
      <Filter>Framework</Filter>
    </ClCompile>
    <ClCompile Include="ControllableCamera.cpp">
      <Filter>Framework</Filter>
    </ClCompile>
    <ClCompile Include="DebugLog.cpp">
      <Filter>Framework</Filter>
    </ClCompile>
    <ClCompile Include="MyApp.cpp">
      <Filter>AAsProject</Filter>
    </ClCompile>
    <ClCompile Include="ShadersManager.cpp">
      <Filter>Framework</Filter>
    </ClCompile>
    <ClCompile Include="Profiler.cpp">
      <Filter>Framework</Filter>
    </ClCompile>
    <ClCompile Include="ProfilingSession.cpp" />
    <ClCompile Include="RenderTargetViewsManager.cpp" />
    <ClCompile Include="PostProcessor.cpp" />
  </ItemGroup>
  <ItemGroup>
    <ClInclude Include="Camera.h">
      <Filter>Framework</Filter>
    </ClInclude>
    <ClInclude Include="Component.h">
      <Filter>Framework</Filter>
    </ClInclude>
    <ClInclude Include="Core.h">
      <Filter>Framework</Filter>
    </ClInclude>
    <ClInclude Include="Transform.h">
      <Filter>Framework</Filter>
    </ClInclude>
    <ClInclude Include="Window.h">
      <Filter>Framework</Filter>
    </ClInclude>
    <ClInclude Include="Object.h">
      <Filter>Framework</Filter>
    </ClInclude>
    <ClInclude Include="RenderingSystem.h">
      <Filter>Framework</Filter>
    </ClInclude>
    <ClInclude Include="Material.h">
      <Filter>Framework</Filter>
    </ClInclude>
    <ClInclude Include="Mesh.h">
      <Filter>Framework</Filter>
    </ClInclude>
    <ClInclude Include="MeshRenderer.h">
      <Filter>Framework</Filter>
    </ClInclude>
    <ClInclude Include="Model.h">
      <Filter>Framework</Filter>
    </ClInclude>
    <ClInclude Include="DebugLog.h">
      <Filter>Framework</Filter>
    </ClInclude>
    <ClInclude Include="ControllableCamera.h">
      <Filter>Framework</Filter>
    </ClInclude>
    <ClInclude Include="MyApp.h">
      <Filter>AAsProject</Filter>
    </ClInclude>
    <ClInclude Include="ShadersManager.h">
      <Filter>Framework</Filter>
    </ClInclude>
    <ClInclude Include="Profiler.h">
      <Filter>Framework</Filter>
    </ClInclude>
    <ClInclude Include="ProfilingSession.h" />
    <ClInclude Include="RenderTargetViewsManager.h" />
    <ClInclude Include="PostProcessor.h" />
  </ItemGroup>
  <ItemGroup>
    <_EmbedManagedResourceFile Include="Base.fx">
      <Filter>Shaders</Filter>
    </_EmbedManagedResourceFile>
    <_EmbedManagedResourceFile Include="DesaturationPP.fx">
      <Filter>Shaders\PPs</Filter>
    </_EmbedManagedResourceFile>
    <_EmbedManagedResourceFile Include="SobelPP.fx">
      <Filter>Shaders\PPs</Filter>
    </_EmbedManagedResourceFile>
    <_EmbedManagedResourceFile Include="CopyingPP.fx">
      <Filter>Shaders\PPs</Filter>
    </_EmbedManagedResourceFile>
    <_EmbedManagedResourceFile Include="Placeholder.fx">
      <Filter>Shaders</Filter>
    </_EmbedManagedResourceFile>
    <_EmbedManagedResourceFile Include="CellShadingPP.fx">
      <Filter>Shaders\PPs</Filter>
    </_EmbedManagedResourceFile>
    <_EmbedManagedResourceFile Include="GaussianBlurPP.fx">
      <Filter>Shaders\PPs</Filter>
    </_EmbedManagedResourceFile>
    <_EmbedManagedResourceFile Include="KuwaharaPP.fx">
      <Filter>Shaders\PPs</Filter>
    </_EmbedManagedResourceFile>
    <_EmbedManagedResourceFile Include="OutlinePP.fx">
      <Filter>Shaders\PPs</Filter>
    </_EmbedManagedResourceFile>
  </ItemGroup>
  <ItemGroup>
    <FxCompile Include="CommonPPInclude.fx">
      <Filter>Shaders\PPs</Filter>
    </FxCompile>
    <FxCompile Include="SobelTweakingPP.fx">
      <Filter>Shaders\PPs</Filter>
    </FxCompile>
  </ItemGroup>
</Project>